{
  "name": "@tannin/plural-forms",
  "version": "1.0.0",
  "lockfileVersion": 1,
  "requires": true,
  "dependencies": {
    "@tannin/compile": {
      "version": "file:../compile",
      "requires": {
        "@tannin/evaluate": "file:../evaluate",
        "@tannin/postfix": "file:../postfix"
      },
      "dependencies": {
        "@tannin/evaluate": {
          "version": "file:../evaluate",
          "bundled": true
        },
        "@tannin/postfix": {
          "version": "file:../postfix",
          "bundled": true
        }
      }
    }
  }
}
